
Microsoft Visual Studio Solution File, Format Version 12.00
# Visual Studio Version 17
VisualStudioVersion = 17.13.35919.96 d17.13
MinimumVisualStudioVersion = 10.0.40219.1
Project("{FAE04EC0-301F-11D3-BF4B-00C04F79EFBC}") = "library", "library\library.csproj", "{01712642-BE2B-45E1-AE25-C12C1FBFDD3E}"
EndProject
Global
	GlobalSection(SolutionConfigurationPlatforms) = preSolution
		Debug|Any CPU = Debug|Any CPU
		Release|Any CPU = Release|Any CPU
	EndGlobalSection
	GlobalSection(ProjectConfigurationPlatforms) = postSolution
		{01712642-BE2B-45E1-AE25-C12C1FBFDD3E}.Debug|Any CPU.ActiveCfg = Debug|Any CPU
		{01712642-BE2B-45E1-AE25-C12C1FBFDD3E}.Debug|Any CPU.Build.0 = Debug|Any CPU
		{01712642-BE2B-45E1-AE25-C12C1FBFDD3E}.Release|Any CPU.ActiveCfg = Release|Any CPU
		{01712642-BE2B-45E1-AE25-C12C1FBFDD3E}.Release|Any CPU.Build.0 = Release|Any CPU
	EndGlobalSection
	GlobalSection(SolutionProperties) = preSolution
		HideSolutionNode = FALSE
	EndGlobalSection
	GlobalSection(ExtensibilityGlobals) = postSolution
		SolutionGuid = {66B85D24-1344-4D29-825F-A7EEB65012CA}
	EndGlobalSection
EndGlobal
